
Microsoft Visual Studio Solution File, Format Version 12.00
# Visual Studio 2012
Project("{FAE04EC0-301F-11D3-BF4B-00C04F79EFBC}") = "TaskApiSample", "TaskApiSample\TaskApiSample.csproj", "{BAF64FB9-6EF1-4860-9DE1-E4ECB585B72C}"
EndProject
Global
	GlobalSection(SolutionConfigurationPlatforms) = preSolution
		Debug|Any CPU = Debug|Any CPU
		Release|Any CPU = Release|Any CPU
	EndGlobalSection
	GlobalSection(ProjectConfigurationPlatforms) = postSolution
		{BAF64FB9-6EF1-4860-9DE1-E4ECB585B72C}.Debug|Any CPU.ActiveCfg = Debug|Any CPU
		{BAF64FB9-6EF1-4860-9DE1-E4ECB585B72C}.Debug|Any CPU.Build.0 = Debug|Any CPU
		{BAF64FB9-6EF1-4860-9DE1-E4ECB585B72C}.Release|Any CPU.ActiveCfg = Release|Any CPU
		{BAF64FB9-6EF1-4860-9DE1-E4ECB585B72C}.Release|Any CPU.Build.0 = Release|Any CPU
	EndGlobalSection
	GlobalSection(SolutionProperties) = preSolution
		HideSolutionNode = FALSE
	EndGlobalSection
EndGlobal
